
Microsoft Visual Studio Solution File, Format Version 12.00
# Visual Studio Version 17
VisualStudioVersion = 17.6.33829.357
MinimumVisualStudioVersion = 10.0.40219.1
Project("{9A19103F-16F7-4668-BE54-9A1E7A4F7556}") = "VideoService.API", "VIdeoService.API\VideoService.API.csproj", "{F3D388EB-FB52-4CBE-ADF4-55C0DE29853A}"
EndProject
Project("{9A19103F-16F7-4668-BE54-9A1E7A4F7556}") = "VideoService.Domain", "VIdeoService.Domain\VideoService.Domain.csproj", "{14C36955-C68D-43E8-AAE9-F2C5A7A0676C}"
EndProject
Project("{9A19103F-16F7-4668-BE54-9A1E7A4F7556}") = "VideoService.Infrastructure", "VideoService.Infrastructure\VideoService.Infrastructure.csproj", "{F1C5DB82-1AD4-4F46-B43F-EABD2AD511E5}"
EndProject
Global
	GlobalSection(SolutionConfigurationPlatforms) = preSolution
		Debug|Any CPU = Debug|Any CPU
		Release|Any CPU = Release|Any CPU
	EndGlobalSection
	GlobalSection(ProjectConfigurationPlatforms) = postSolution
		{F3D388EB-FB52-4CBE-ADF4-55C0DE29853A}.Debug|Any CPU.ActiveCfg = Debug|Any CPU
		{F3D388EB-FB52-4CBE-ADF4-55C0DE29853A}.Debug|Any CPU.Build.0 = Debug|Any CPU
		{F3D388EB-FB52-4CBE-ADF4-55C0DE29853A}.Release|Any CPU.ActiveCfg = Release|Any CPU
		{F3D388EB-FB52-4CBE-ADF4-55C0DE29853A}.Release|Any CPU.Build.0 = Release|Any CPU
		{14C36955-C68D-43E8-AAE9-F2C5A7A0676C}.Debug|Any CPU.ActiveCfg = Debug|Any CPU
		{14C36955-C68D-43E8-AAE9-F2C5A7A0676C}.Debug|Any CPU.Build.0 = Debug|Any CPU
		{14C36955-C68D-43E8-AAE9-F2C5A7A0676C}.Release|Any CPU.ActiveCfg = Release|Any CPU
		{14C36955-C68D-43E8-AAE9-F2C5A7A0676C}.Release|Any CPU.Build.0 = Release|Any CPU
		{F1C5DB82-1AD4-4F46-B43F-EABD2AD511E5}.Debug|Any CPU.ActiveCfg = Debug|Any CPU
		{F1C5DB82-1AD4-4F46-B43F-EABD2AD511E5}.Debug|Any CPU.Build.0 = Debug|Any CPU
		{F1C5DB82-1AD4-4F46-B43F-EABD2AD511E5}.Release|Any CPU.ActiveCfg = Release|Any CPU
		{F1C5DB82-1AD4-4F46-B43F-EABD2AD511E5}.Release|Any CPU.Build.0 = Release|Any CPU
	EndGlobalSection
	GlobalSection(SolutionProperties) = preSolution
		HideSolutionNode = FALSE
	EndGlobalSection
	GlobalSection(ExtensibilityGlobals) = postSolution
		SolutionGuid = {D1C1974D-88AA-4652-8A36-8AE732259390}
	EndGlobalSection
EndGlobal
